hash: 8b4a46a521d632f5b2222373224be7473dfe6547d799f5a942bf27c6e8affb16
updated: 2017-02-12T12:56:16.678767947-06:00
imports:
- name: github.com/alecthomas/kingpin
  version: 4632cad00ac4bf4c455622ebfae46580c3890b8f
- name: github.com/alecthomas/template
  version: a0175ee3bccc567396460bf5acd36800cb10c49c
  subpackages:
  - parse
- name: github.com/alecthomas/units
  version: 2efee857e7cfd4f3d0138cc3cbb1b4966962b93a
- name: github.com/hashicorp/consul
  version: 68e2839aa87e2eb403a1bbcfaddd80c071cad607
  subpackages:
  - api
- name: github.com/hashicorp/go-cleanhttp
  version: 3573b8b52aa7b37b9358d966a898feb387f62437
- name: github.com/hashicorp/serf
  version: cb45b412ee4f9d6cc2eeb2b2b7dd0f6cfd7545c1
  subpackages:
  - coordinate
- name: github.com/mattn/go-colorable
  version: 5411d3eea5978e6cdc258b30de592b60df6aba96
- name: github.com/mattn/go-isatty
  version: 281032e84ae07510239465db46bf442aa44b953a
- name: github.com/mgutz/ansi
  version: 9520e82c474b0a04dd04f8a40959027271bab992
- name: golang.org/x/sys
  version: aaabbdc969c3935a2a7f61efac801e7163c73a2a
  subpackages:
  - unix
testImports:
- name: github.com/aphistic/sweet
  version: 56869dd669e4be4d7c06671aa274a77f734c1980
- name: github.com/onsi/gomega
  version: 67aa7a590da104c9470c00f699cb5d4d7efcda69
  subpackages:
  - format
  - internal/assertion
  - internal/asyncassertion
  - internal/oraclematcher
  - internal/testingtsupport
  - matchers
  - matchers/support/goraph/bipartitegraph
  - matchers/support/goraph/edge
  - matchers/support/goraph/node
  - matchers/support/goraph/util
  - types
- name: gopkg.in/yaml.v2
  version: a3f3340b5840cee44f372bddb5880fcbc419b46a
